{
  "lockfileVersion": 3,
  "name": "wushenrong.github.io",
  "packages": {
    "": {
      "devDependencies": {
        "html-minifier-next": "^3.2.1"
      },
      "name": "wushenrong.github.io"
    },
    "node_modules/@jridgewell/gen-mapping": {
      "dependencies": {
        "@jridgewell/sourcemap-codec": "^1.5.0",
        "@jridgewell/trace-mapping": "^0.3.24"
      },
      "dev": true,
      "integrity": "sha512-2kkt/7niJ6MgEPxF0bYdQ6etZaA+fQvDcLKckhy1yIQOzaoKjBBjSj63/aLVjYE3qhRt5dvM+uUyfCg6UKCBbA==",
      "license": "MIT",
      "resolved": "https://registry.npmjs.org/@jridgewell/gen-mapping/-/gen-mapping-0.3.13.tgz",
      "version": "0.3.13"
    },
    "node_modules/@jridgewell/resolve-uri": {
      "dev": true,
      "engines": {
        "node": ">=6.0.0"
      },
      "integrity": "sha512-bRISgCIjP20/tbWSPWMEi54QVPRZExkuD9lJL+UIxUKtwVJA8wW1Trb1jMs1RFXo1CBTNZ/5hpC9QvmKWdopKw==",
      "license": "MIT",
      "resolved": "https://registry.npmjs.org/@jridgewell/resolve-uri/-/resolve-uri-3.1.2.tgz",
      "version": "3.1.2"
    },
    "node_modules/@jridgewell/source-map": {
      "dependencies": {
        "@jridgewell/gen-mapping": "^0.3.5",
        "@jridgewell/trace-mapping": "^0.3.25"
      },
      "dev": true,
      "integrity": "sha512-ZMp1V8ZFcPG5dIWnQLr3NSI1MiCU7UETdS/A0G8V/XWHvJv3ZsFqutJn1Y5RPmAPX6F3BiE397OqveU/9NCuIA==",
      "license": "MIT",
      "resolved": "https://registry.npmjs.org/@jridgewell/source-map/-/source-map-0.3.11.tgz",
      "version": "0.3.11"
    },
    "node_modules/@jridgewell/sourcemap-codec": {
      "dev": true,
      "integrity": "sha512-cYQ9310grqxueWbl+WuIUIaiUaDcj7WOq5fVhEljNVgRfOUhY9fy2zTvfoqWsnebh8Sl70VScFbICvJnLKB0Og==",
      "license": "MIT",
      "resolved": "https://registry.npmjs.org/@jridgewell/sourcemap-codec/-/sourcemap-codec-1.5.5.tgz",
      "version": "1.5.5"
    },
    "node_modules/@jridgewell/trace-mapping": {
      "dependencies": {
        "@jridgewell/resolve-uri": "^3.1.0",
        "@jridgewell/sourcemap-codec": "^1.4.14"
      },
      "dev": true,
      "integrity": "sha512-zzNR+SdQSDJzc8joaeP8QQoCQr8NuYx2dIIytl1QeBEZHJ9uW6hebsrYgbz8hJwUQao3TWCMtmfV8Nu1twOLAw==",
      "license": "MIT",
      "resolved": "https://registry.npmjs.org/@jridgewell/trace-mapping/-/trace-mapping-0.3.31.tgz",
      "version": "0.3.31"
    },
    "node_modules/acorn": {
      "bin": {
        "acorn": "bin/acorn"
      },
      "dev": true,
      "engines": {
        "node": ">=0.4.0"
      },
      "integrity": "sha512-NZyJarBfL7nWwIq+FDL6Zp/yHEhePMNnnJ0y3qfieCrmNvYct8uvtiV41UvlSe6apAfk0fY1FbWx+NwfmpvtTg==",
      "license": "MIT",
      "resolved": "https://registry.npmjs.org/acorn/-/acorn-8.15.0.tgz",
      "version": "8.15.0"
    },
    "node_modules/buffer-from": {
      "dev": true,
      "integrity": "sha512-E+XQCRwSbaaiChtv6k6Dwgc+bx+Bs6vuKJHHl5kox/BaKbhiXzqQOwK4cO22yElGp2OCmjwVhT3HmxgyPGnJfQ==",
      "license": "MIT",
      "resolved": "https://registry.npmjs.org/buffer-from/-/buffer-from-1.1.2.tgz",
      "version": "1.1.2"
    },
    "node_modules/camel-case": {
      "dependencies": {
        "pascal-case": "^3.1.2",
        "tslib": "^2.0.3"
      },
      "dev": true,
      "integrity": "sha512-gxGWBrTT1JuMx6R+o5PTXMmUnhnVzLQ9SNutD4YqKtI6ap897t3tKECYla6gCWEkplXnlNybEkZg9GEGxKFCgw==",
      "license": "MIT",
      "resolved": "https://registry.npmjs.org/camel-case/-/camel-case-4.1.2.tgz",
      "version": "4.1.2"
    },
    "node_modules/capital-case": {
      "dependencies": {
        "no-case": "^3.0.4",
        "tslib": "^2.0.3",
        "upper-case-first": "^2.0.2"
      },
      "dev": true,
      "integrity": "sha512-ds37W8CytHgwnhGGTi88pcPyR15qoNkOpYwmMMfnWqqWgESapLqvDx6huFjQ5vqWSn2Z06173XNA7LtMOeUh1A==",
      "license": "MIT",
      "resolved": "https://registry.npmjs.org/capital-case/-/capital-case-1.0.4.tgz",
      "version": "1.0.4"
    },
    "node_modules/change-case": {
      "dependencies": {
        "camel-case": "^4.1.2",
        "capital-case": "^1.0.4",
        "constant-case": "^3.0.4",
        "dot-case": "^3.0.4",
        "header-case": "^2.0.4",
        "no-case": "^3.0.4",
        "param-case": "^3.0.4",
        "pascal-case": "^3.1.2",
        "path-case": "^3.0.4",
        "sentence-case": "^3.0.4",
        "snake-case": "^3.0.4",
        "tslib": "^2.0.3"
      },
      "dev": true,
      "integrity": "sha512-bSxY2ws9OtviILG1EiY5K7NNxkqg/JnRnFxLtKQ96JaviiIxi7djMrSd0ECT9AC+lttClmYwKw53BWpOMblo7A==",
      "license": "MIT",
      "resolved": "https://registry.npmjs.org/change-case/-/change-case-4.1.2.tgz",
      "version": "4.1.2"
    },
    "node_modules/clean-css": {
      "dependencies": {
        "source-map": "~0.6.0"
      },
      "dev": true,
      "engines": {
        "node": ">= 10.0"
      },
      "integrity": "sha512-D5J+kHaVb/wKSFcyyV75uCn8fiY4sV38XJoe4CUyGQ+mOU/fMVYUdH1hJC+CJQ5uY3EnW27SbJYS4X8BiLrAFg==",
      "license": "MIT",
      "resolved": "https://registry.npmjs.org/clean-css/-/clean-css-5.3.3.tgz",
      "version": "5.3.3"
    },
    "node_modules/commander": {
      "dev": true,
      "engines": {
        "node": ">=20"
      },
      "integrity": "sha512-2JkV3gUZUVrbNA+1sjBOYLsMZ5cEEl8GTFP2a4AVz5hvasAMCQ1D2l2le/cX+pV4N6ZU17zjUahLpIXRrnWL8A==",
      "license": "MIT",
      "resolved": "https://registry.npmjs.org/commander/-/commander-14.0.1.tgz",
      "version": "14.0.1"
    },
    "node_modules/constant-case": {
      "dependencies": {
        "no-case": "^3.0.4",
        "tslib": "^2.0.3",
        "upper-case": "^2.0.2"
      },
      "dev": true,
      "integrity": "sha512-I2hSBi7Vvs7BEuJDr5dDHfzb/Ruj3FyvFyh7KLilAjNQw3Be+xgqUBA2W6scVEcL0hL1dwPRtIqEPVUCKkSsyQ==",
      "license": "MIT",
      "resolved": "https://registry.npmjs.org/constant-case/-/constant-case-3.0.4.tgz",
      "version": "3.0.4"
    },
    "node_modules/dot-case": {
      "dependencies": {
        "no-case": "^3.0.4",
        "tslib": "^2.0.3"
      },
      "dev": true,
      "integrity": "sha512-Kv5nKlh6yRrdrGvxeJ2e5y2eRUpkUosIW4A2AS38zwSz27zu7ufDwQPi5Jhs3XAlGNetl3bmnGhQsMtkKJnj3w==",
      "license": "MIT",
      "resolved": "https://registry.npmjs.org/dot-case/-/dot-case-3.0.4.tgz",
      "version": "3.0.4"
    },
    "node_modules/entities": {
      "dev": true,
      "engines": {
        "node": ">=0.12"
      },
      "funding": {
        "url": "https://github.com/fb55/entities?sponsor=1"
      },
      "integrity": "sha512-FDWG5cmEYf2Z00IkYRhbFrwIwvdFKH07uV8dvNy0omp/Qb1xcyCWp2UDtcwJF4QZZvk0sLudP6/hAu42TaqVhQ==",
      "license": "BSD-2-Clause",
      "resolved": "https://registry.npmjs.org/entities/-/entities-7.0.0.tgz",
      "version": "7.0.0"
    },
    "node_modules/header-case": {
      "dependencies": {
        "capital-case": "^1.0.4",
        "tslib": "^2.0.3"
      },
      "dev": true,
      "integrity": "sha512-H/vuk5TEEVZwrR0lp2zed9OCo1uAILMlx0JEMgC26rzyJJ3N1v6XkwHHXJQdR2doSjcGPM6OKPYoJgf0plJ11Q==",
      "license": "MIT",
      "resolved": "https://registry.npmjs.org/header-case/-/header-case-2.0.4.tgz",
      "version": "2.0.4"
    },
    "node_modules/html-minifier-next": {
      "bin": {
        "html-minifier-next": "cli.js"
      },
      "dependencies": {
        "change-case": "^4.1.2",
        "clean-css": "~5.3.3",
        "commander": "^14.0.1",
        "entities": "^7.0.0",
        "relateurl": "^0.2.7",
        "terser": "^5.44.0"
      },
      "dev": true,
      "integrity": "sha512-p/pCrGxbU2/Sw25EwXHtKZxd37/++Y3w76H3Z94BOhtVhQXDqHYIS+tpTwKMfuHOAoxnhn7f8mjp7AJkNkMVyg==",
      "license": "MIT",
      "resolved": "https://registry.npmjs.org/html-minifier-next/-/html-minifier-next-3.2.1.tgz",
      "version": "3.2.1"
    },
    "node_modules/lower-case": {
      "dependencies": {
        "tslib": "^2.0.3"
      },
      "dev": true,
      "integrity": "sha512-7fm3l3NAF9WfN6W3JOmf5drwpVqX78JtoGJ3A6W0a6ZnldM41w2fV5D490psKFTpMds8TJse/eHLFFsNHHjHgg==",
      "license": "MIT",
      "resolved": "https://registry.npmjs.org/lower-case/-/lower-case-2.0.2.tgz",
      "version": "2.0.2"
    },
    "node_modules/no-case": {
      "dependencies": {
        "lower-case": "^2.0.2",
        "tslib": "^2.0.3"
      },
      "dev": true,
      "integrity": "sha512-fgAN3jGAh+RoxUGZHTSOLJIqUc2wmoBwGR4tbpNAKmmovFoWq0OdRkb0VkldReO2a2iBT/OEulG9XSUc10r3zg==",
      "license": "MIT",
      "resolved": "https://registry.npmjs.org/no-case/-/no-case-3.0.4.tgz",
      "version": "3.0.4"
    },
    "node_modules/param-case": {
      "dependencies": {
        "dot-case": "^3.0.4",
        "tslib": "^2.0.3"
      },
      "dev": true,
      "integrity": "sha512-RXlj7zCYokReqWpOPH9oYivUzLYZ5vAPIfEmCTNViosC78F8F0H9y7T7gG2M39ymgutxF5gcFEsyZQSph9Bp3A==",
      "license": "MIT",
      "resolved": "https://registry.npmjs.org/param-case/-/param-case-3.0.4.tgz",
      "version": "3.0.4"
    },
    "node_modules/pascal-case": {
      "dependencies": {
        "no-case": "^3.0.4",
        "tslib": "^2.0.3"
      },
      "dev": true,
      "integrity": "sha512-uWlGT3YSnK9x3BQJaOdcZwrnV6hPpd8jFH1/ucpiLRPh/2zCVJKS19E4GvYHvaCcACn3foXZ0cLB9Wrx1KGe5g==",
      "license": "MIT",
      "resolved": "https://registry.npmjs.org/pascal-case/-/pascal-case-3.1.2.tgz",
      "version": "3.1.2"
    },
    "node_modules/path-case": {
      "dependencies": {
        "dot-case": "^3.0.4",
        "tslib": "^2.0.3"
      },
      "dev": true,
      "integrity": "sha512-qO4qCFjXqVTrcbPt/hQfhTQ+VhFsqNKOPtytgNKkKxSoEp3XPUQ8ObFuePylOIok5gjn69ry8XiULxCwot3Wfg==",
      "license": "MIT",
      "resolved": "https://registry.npmjs.org/path-case/-/path-case-3.0.4.tgz",
      "version": "3.0.4"
    },
    "node_modules/relateurl": {
      "dev": true,
      "engines": {
        "node": ">= 0.10"
      },
      "integrity": "sha512-G08Dxvm4iDN3MLM0EsP62EDV9IuhXPR6blNz6Utcp7zyV3tr4HVNINt6MpaRWbxoOHT3Q7YN2P+jaHX8vUbgog==",
      "license": "MIT",
      "resolved": "https://registry.npmjs.org/relateurl/-/relateurl-0.2.7.tgz",
      "version": "0.2.7"
    },
    "node_modules/sentence-case": {
      "dependencies": {
        "no-case": "^3.0.4",
        "tslib": "^2.0.3",
        "upper-case-first": "^2.0.2"
      },
      "dev": true,
      "integrity": "sha512-8LS0JInaQMCRoQ7YUytAo/xUu5W2XnQxV2HI/6uM6U7CITS1RqPElr30V6uIqyMKM9lJGRVFy5/4CuzcixNYSg==",
      "license": "MIT",
      "resolved": "https://registry.npmjs.org/sentence-case/-/sentence-case-3.0.4.tgz",
      "version": "3.0.4"
    },
    "node_modules/snake-case": {
      "dependencies": {
        "dot-case": "^3.0.4",
        "tslib": "^2.0.3"
      },
      "dev": true,
      "integrity": "sha512-LAOh4z89bGQvl9pFfNF8V146i7o7/CqFPbqzYgP+yYzDIDeS9HaNFtXABamRW+AQzEVODcvE79ljJ+8a9YSdMg==",
      "license": "MIT",
      "resolved": "https://registry.npmjs.org/snake-case/-/snake-case-3.0.4.tgz",
      "version": "3.0.4"
    },
    "node_modules/source-map": {
      "dev": true,
      "engines": {
        "node": ">=0.10.0"
      },
      "integrity": "sha512-UjgapumWlbMhkBgzT7Ykc5YXUT46F0iKu8SGXq0bcwP5dz/h0Plj6enJqjz1Zbq2l5WaqYnrVbwWOWMyF3F47g==",
      "license": "BSD-3-Clause",
      "resolved": "https://registry.npmjs.org/source-map/-/source-map-0.6.1.tgz",
      "version": "0.6.1"
    },
    "node_modules/source-map-support": {
      "dependencies": {
        "buffer-from": "^1.0.0",
        "source-map": "^0.6.0"
      },
      "dev": true,
      "integrity": "sha512-uBHU3L3czsIyYXKX88fdrGovxdSCoTGDRZ6SYXtSRxLZUzHg5P/66Ht6uoUlHu9EZod+inXhKo3qQgwXUT/y1w==",
      "license": "MIT",
      "resolved": "https://registry.npmjs.org/source-map-support/-/source-map-support-0.5.21.tgz",
      "version": "0.5.21"
    },
    "node_modules/terser": {
      "bin": {
        "terser": "bin/terser"
      },
      "dependencies": {
        "@jridgewell/source-map": "^0.3.3",
        "acorn": "^8.15.0",
        "commander": "^2.20.0",
        "source-map-support": "~0.5.20"
      },
      "dev": true,
      "engines": {
        "node": ">=10"
      },
      "integrity": "sha512-nIVck8DK+GM/0Frwd+nIhZ84pR/BX7rmXMfYwyg+Sri5oGVE99/E3KvXqpC2xHFxyqXyGHTKBSioxxplrO4I4w==",
      "license": "BSD-2-Clause",
      "resolved": "https://registry.npmjs.org/terser/-/terser-5.44.0.tgz",
      "version": "5.44.0"
    },
    "node_modules/terser/node_modules/commander": {
      "dev": true,
      "integrity": "sha512-GpVkmM8vF2vQUkj2LvZmD35JxeJOLCwJ9cUkugyk2nuhbv3+mJvpLYYt+0+USMxE+oj+ey/lJEnhZw75x/OMcQ==",
      "license": "MIT",
      "resolved": "https://registry.npmjs.org/commander/-/commander-2.20.3.tgz",
      "version": "2.20.3"
    },
    "node_modules/tslib": {
      "dev": true,
      "integrity": "sha512-oJFu94HQb+KVduSUQL7wnpmqnfmLsOA/nAh6b6EH0wCEoK0/mPeXU6c3wKDV83MkOuHPRHtSXKKU99IBazS/2w==",
      "license": "0BSD",
      "resolved": "https://registry.npmjs.org/tslib/-/tslib-2.8.1.tgz",
      "version": "2.8.1"
    },
    "node_modules/upper-case": {
      "dependencies": {
        "tslib": "^2.0.3"
      },
      "dev": true,
      "integrity": "sha512-KgdgDGJt2TpuwBUIjgG6lzw2GWFRCW9Qkfkiv0DxqHHLYJHmtmdUIKcZd8rHgFSjopVTlw6ggzCm1b8MFQwikg==",
      "license": "MIT",
      "resolved": "https://registry.npmjs.org/upper-case/-/upper-case-2.0.2.tgz",
      "version": "2.0.2"
    },
    "node_modules/upper-case-first": {
      "dependencies": {
        "tslib": "^2.0.3"
      },
      "dev": true,
      "integrity": "sha512-514ppYHBaKwfJRK/pNC6c/OxfGa0obSnAl106u97Ed0I625Nin96KAjttZF6ZL3e1XLtphxnqrOi9iWgm+u+bg==",
      "license": "MIT",
      "resolved": "https://registry.npmjs.org/upper-case-first/-/upper-case-first-2.0.2.tgz",
      "version": "2.0.2"
    }
  },
  "requires": true
}
